
Microsoft Visual Studio Solution File, Format Version 12.00
# Visual Studio 15
VisualStudioVersion = 15.0.27428.2037
MinimumVisualStudioVersion = 10.0.40219.1
Project("{8BC9CEB8-8B4A-11D0-8D11-00A0C91BC942}") = "assembler", "assembler\assembler.vcxproj", "{5E5733E0-C574-4087-8945-8E9EA7FDCAEA}"
EndProject
Global
	GlobalSection(SolutionConfigurationPlatforms) = preSolution
		Debug|x64 = Debug|x64
		Debug|x86 = Debug|x86
		Release|x64 = Release|x64
		Release|x86 = Release|x86
	EndGlobalSection
	GlobalSection(ProjectConfigurationPlatforms) = postSolution
		{5E5733E0-C574-4087-8945-8E9EA7FDCAEA}.Debug|x64.ActiveCfg = Debug|x64
		{5E5733E0-C574-4087-8945-8E9EA7FDCAEA}.Debug|x64.Build.0 = Debug|x64
		{5E5733E0-C574-4087-8945-8E9EA7FDCAEA}.Debug|x86.ActiveCfg = Debug|Win32
		{5E5733E0-C574-4087-8945-8E9EA7FDCAEA}.Debug|x86.Build.0 = Debug|Win32
		{5E5733E0-C574-4087-8945-8E9EA7FDCAEA}.Release|x64.ActiveCfg = Release|x64
		{5E5733E0-C574-4087-8945-8E9EA7FDCAEA}.Release|x64.Build.0 = Release|x64
		{5E5733E0-C574-4087-8945-8E9EA7FDCAEA}.Release|x86.ActiveCfg = Release|Win32
		{5E5733E0-C574-4087-8945-8E9EA7FDCAEA}.Release|x86.Build.0 = Release|Win32
	EndGlobalSection
	GlobalSection(SolutionProperties) = preSolution
		HideSolutionNode = FALSE
	EndGlobalSection
	GlobalSection(ExtensibilityGlobals) = postSolution
		SolutionGuid = {7AC1927C-E294-45B7-8EEE-951AC1575CFD}
	EndGlobalSection
EndGlobal
